
Microsoft Visual Studio Solution File, Format Version 12.00
# Visual Studio 2012
Project("{FAE04EC0-301F-11D3-BF4B-00C04F79EFBC}") = "shenqi.CSharp", "shenqi.CSharp.csproj", "{ADA29106-145A-C7A5-EFB8-9FE345F32328}"
EndProject
Project("{FAE04EC0-301F-11D3-BF4B-00C04F79EFBC}") = "shenqi.CSharp.Editor", "shenqi.CSharp.Editor.csproj", "{C14248CF-E32D-3A7A-3985-7EB3259192B6}"
EndProject
Global
	GlobalSection(SolutionConfigurationPlatforms) = preSolution
		Debug|Any CPU = Debug|Any CPU
		Release|Any CPU = Release|Any CPU
	EndGlobalSection
	GlobalSection(ProjectConfigurationPlatforms) = postSolution
		{ADA29106-145A-C7A5-EFB8-9FE345F32328}.Debug|Any CPU.ActiveCfg = Debug|Any CPU
		{ADA29106-145A-C7A5-EFB8-9FE345F32328}.Debug|Any CPU.Build.0 = Debug|Any CPU
		{ADA29106-145A-C7A5-EFB8-9FE345F32328}.Release|Any CPU.ActiveCfg = Release|Any CPU
		{ADA29106-145A-C7A5-EFB8-9FE345F32328}.Release|Any CPU.Build.0 = Release|Any CPU
		{C14248CF-E32D-3A7A-3985-7EB3259192B6}.Debug|Any CPU.ActiveCfg = Debug|Any CPU
		{C14248CF-E32D-3A7A-3985-7EB3259192B6}.Debug|Any CPU.Build.0 = Debug|Any CPU
		{C14248CF-E32D-3A7A-3985-7EB3259192B6}.Release|Any CPU.ActiveCfg = Release|Any CPU
		{C14248CF-E32D-3A7A-3985-7EB3259192B6}.Release|Any CPU.Build.0 = Release|Any CPU
	EndGlobalSection
	GlobalSection(SolutionProperties) = preSolution
		HideSolutionNode = FALSE
	EndGlobalSection
EndGlobal
