Microsoft Visual Studio Solution File, Format Version 11.00
# Visual Studio 2008

Project("{11ACFFE7-BA4E-697B-3D52-295F6CE0C7D8}") = "shenqi", "Assembly-CSharp.csproj", "{1F2F023F-F2EA-63F9-E9DD-F4DCEEC09777}"
EndProject
Project("{11ACFFE7-BA4E-697B-3D52-295F6CE0C7D8}") = "shenqi", "Assembly-CSharp-Editor.csproj", "{1244C5B1-D98F-0A4F-216B-6A91EEBF5DD9}"
EndProject
Global
	GlobalSection(SolutionConfigurationPlatforms) = preSolution
		Debug|Any CPU = Debug|Any CPU
		Release|Any CPU = Release|Any CPU
	EndGlobalSection
	GlobalSection(ProjectConfigurationPlatforms) = postSolution
		{1F2F023F-F2EA-63F9-E9DD-F4DCEEC09777}.Debug|Any CPU.ActiveCfg = Debug|Any CPU
		{1F2F023F-F2EA-63F9-E9DD-F4DCEEC09777}.Debug|Any CPU.Build.0 = Debug|Any CPU
		{1F2F023F-F2EA-63F9-E9DD-F4DCEEC09777}.Release|Any CPU.ActiveCfg = Release|Any CPU
		{1F2F023F-F2EA-63F9-E9DD-F4DCEEC09777}.Release|Any CPU.Build.0 = Release|Any CPU
		{1244C5B1-D98F-0A4F-216B-6A91EEBF5DD9}.Debug|Any CPU.ActiveCfg = Debug|Any CPU
		{1244C5B1-D98F-0A4F-216B-6A91EEBF5DD9}.Debug|Any CPU.Build.0 = Debug|Any CPU
		{1244C5B1-D98F-0A4F-216B-6A91EEBF5DD9}.Release|Any CPU.ActiveCfg = Release|Any CPU
		{1244C5B1-D98F-0A4F-216B-6A91EEBF5DD9}.Release|Any CPU.Build.0 = Release|Any CPU
	EndGlobalSection
	GlobalSection(SolutionProperties) = preSolution
		HideSolutionNode = FALSE
	EndGlobalSection
	GlobalSection(MonoDevelopProperties) = preSolution
		StartupItem = Assembly-CSharp.csproj
	EndGlobalSection
EndGlobal
