Microsoft Visual Studio Solution File, Format Version 11.00
# Visual Studio 2008

Project("{9A190F61-BB1D-6A29-DCAE-D36180C15E92}") = "JSB", "Assembly-CSharp.csproj", "{B16C545A-8C5C-734F-7B29-085D4D6915C8}"
EndProject
Global
	GlobalSection(SolutionConfigurationPlatforms) = preSolution
		Debug|Any CPU = Debug|Any CPU
		Release|Any CPU = Release|Any CPU
	EndGlobalSection
	GlobalSection(ProjectConfigurationPlatforms) = postSolution
		{B16C545A-8C5C-734F-7B29-085D4D6915C8}.Debug|Any CPU.ActiveCfg = Debug|Any CPU
		{B16C545A-8C5C-734F-7B29-085D4D6915C8}.Debug|Any CPU.Build.0 = Debug|Any CPU
		{B16C545A-8C5C-734F-7B29-085D4D6915C8}.Release|Any CPU.ActiveCfg = Release|Any CPU
		{B16C545A-8C5C-734F-7B29-085D4D6915C8}.Release|Any CPU.Build.0 = Release|Any CPU
	EndGlobalSection
	GlobalSection(SolutionProperties) = preSolution
		HideSolutionNode = FALSE
	EndGlobalSection
	GlobalSection(MonoDevelopProperties) = preSolution
		StartupItem = Assembly-CSharp.csproj
	EndGlobalSection
EndGlobal
